
Microsoft Visual Studio Solution File, Format Version 12.00
# Visual Studio Version 17
VisualStudioVersion = 17.7.34202.233
MinimumVisualStudioVersion = 10.0.40219.1
Project("{FAE04EC0-301F-11D3-BF4B-00C04F79EFBC}") = "20231012실습", "20231012실습.csproj", "{8C16FD96-26A9-44F9-BB4E-70BE0DF88511}"
EndProject
Global
	GlobalSection(SolutionConfigurationPlatforms) = preSolution
		Debug|Any CPU = Debug|Any CPU
		Release|Any CPU = Release|Any CPU
	EndGlobalSection
	GlobalSection(ProjectConfigurationPlatforms) = postSolution
		{8C16FD96-26A9-44F9-BB4E-70BE0DF88511}.Debug|Any CPU.ActiveCfg = Debug|Any CPU
		{8C16FD96-26A9-44F9-BB4E-70BE0DF88511}.Debug|Any CPU.Build.0 = Debug|Any CPU
		{8C16FD96-26A9-44F9-BB4E-70BE0DF88511}.Release|Any CPU.ActiveCfg = Release|Any CPU
		{8C16FD96-26A9-44F9-BB4E-70BE0DF88511}.Release|Any CPU.Build.0 = Release|Any CPU
	EndGlobalSection
	GlobalSection(SolutionProperties) = preSolution
		HideSolutionNode = FALSE
	EndGlobalSection
	GlobalSection(ExtensibilityGlobals) = postSolution
		SolutionGuid = {88E4BA4C-D8CA-401B-995E-D1B0726F5671}
	EndGlobalSection
EndGlobal
